Microsoft Visual Studio Solution File, Format Version 11.00
# Visual Studio 2008

Project("{09F4125B-CF70-C4D3-1A37-567EE2288660}") = "JettyGirls", "Assembly-CSharp-firstpass.csproj", "{88010AD9-4EBA-29F9-2257-D2AD9D001824}"
EndProject
Project("{09F4125B-CF70-C4D3-1A37-567EE2288660}") = "JettyGirls", "Assembly-CSharp.csproj", "{8219E16C-6D2D-3F7B-BCE2-900995F49B4C}"
EndProject
Project("{09F4125B-CF70-C4D3-1A37-567EE2288660}") = "JettyGirls", "Assembly-CSharp-Editor.csproj", "{D3880499-9438-6FEB-AA8D-D8EB97FFEEC6}"
EndProject
Global
	GlobalSection(SolutionConfigurationPlatforms) = preSolution
		Debug|Any CPU = Debug|Any CPU
		Release|Any CPU = Release|Any CPU
	EndGlobalSection
	GlobalSection(ProjectConfigurationPlatforms) = postSolution
		{88010AD9-4EBA-29F9-2257-D2AD9D001824}.Debug|Any CPU.ActiveCfg = Debug|Any CPU
		{88010AD9-4EBA-29F9-2257-D2AD9D001824}.Debug|Any CPU.Build.0 = Debug|Any CPU
		{88010AD9-4EBA-29F9-2257-D2AD9D001824}.Release|Any CPU.ActiveCfg = Release|Any CPU
		{88010AD9-4EBA-29F9-2257-D2AD9D001824}.Release|Any CPU.Build.0 = Release|Any CPU
		{8219E16C-6D2D-3F7B-BCE2-900995F49B4C}.Debug|Any CPU.ActiveCfg = Debug|Any CPU
		{8219E16C-6D2D-3F7B-BCE2-900995F49B4C}.Debug|Any CPU.Build.0 = Debug|Any CPU
		{8219E16C-6D2D-3F7B-BCE2-900995F49B4C}.Release|Any CPU.ActiveCfg = Release|Any CPU
		{8219E16C-6D2D-3F7B-BCE2-900995F49B4C}.Release|Any CPU.Build.0 = Release|Any CPU
		{D3880499-9438-6FEB-AA8D-D8EB97FFEEC6}.Debug|Any CPU.ActiveCfg = Debug|Any CPU
		{D3880499-9438-6FEB-AA8D-D8EB97FFEEC6}.Debug|Any CPU.Build.0 = Debug|Any CPU
		{D3880499-9438-6FEB-AA8D-D8EB97FFEEC6}.Release|Any CPU.ActiveCfg = Release|Any CPU
		{D3880499-9438-6FEB-AA8D-D8EB97FFEEC6}.Release|Any CPU.Build.0 = Release|Any CPU
	EndGlobalSection
	GlobalSection(SolutionProperties) = preSolution
		HideSolutionNode = FALSE
	EndGlobalSection
				GlobalSection(MonoDevelopProperties) = preSolution
		StartupItem = Assembly-CSharp.csproj
		Policies = $0
		$0.TextStylePolicy = $1
		$1.inheritsSet = null
		$1.scope = text/x-csharp
		$0.CSharpFormattingPolicy = $2
		$2.inheritsSet = Mono
		$2.inheritsScope = text/x-csharp
		$2.scope = text/x-csharp
		$0.TextStylePolicy = $3
		$3.FileWidth = 120
		$3.TabWidth = 4
		$3.IndentWidth = 4
		$3.EolMarker = Unix
		$3.inheritsSet = Mono
		$3.inheritsScope = text/plain
		$3.scope = text/plain
	EndGlobalSection

EndGlobal
